{
    "name": "compromised-pkg-test",
    "version": "1.0.0",
    "lockfileVersion": 3,
    "requires": true,
    "packages": {
      "": {
        "name": "compromised-pkg-test",
        "version": "1.0.0",
        "dependencies": {
          "@tanstack/react-router": "1.169.8"
        } 
      },
      "node_modules/@tanstack/react-router": {
        "version": "1.169.8",
        "resolved": "https://registry.npmjs.org/@tanstack/react-router/-/react-router-1.169.8.tgz",
        "integrity": "sha512-AAAAAAAAAAAAAAAAAAAAAAAAAAAAAAAAAAAAAAAAAAAAAAAAAAAAAAAAAAAAAAAAAAAAAAAAAAAAAAAAAAAAAAAAAAAAAAAAAAAAAAAAAAAAAAAAAAAAAAAAAAAAAAAAAAAAAAAAAA
  AAAAAAAAAAAAAAAAAAAAAAAAAA=="
      }
    } 
  } 
